<?xml version="1.0" encoding="utf-8"?>
<Project ToolsVersion="4.0" xmlns="http://schemas.microsoft.com/developer/msbuild/2003">
  <ItemGroup>
    <Filter Include="ソース ファイル">
      <UniqueIdentifier>{4FC737F1-C7A5-4376-A066-2A32D752A2FF}</UniqueIdentifier>
      <Extensions>cpp;c;cc;cxx;def;odl;idl;hpj;bat;asm;asmx</Extensions>
    </Filter>
    <Filter Include="ヘッダー ファイル">
      <UniqueIdentifier>{93995380-89BD-4b04-88EB-625FBE52EBFB}</UniqueIdentifier>
      <Extensions>h;hh;hpp;hxx;hm;inl;inc;xsd</Extensions>
    </Filter>
    <Filter Include="リソース ファイル">
      <UniqueIdentifier>{67DA6AB6-F800-4c08-8B7A-83BB121AAD01}</UniqueIdentifier>
      <Extensions>rc;ico;cur;bmp;dlg;rc2;rct;bin;rgs;gif;jpg;jpeg;jpe;resx;tiff;tif;png;wav;mfcribbon-ms</Extensions>
    </Filter>
  </ItemGroup>
  <ItemGroup>
    <ClCompile Include="signal\util\cmd.c">
      <Filter>ソース ファイル</Filter>
    </ClCompile>
    <ClCompile Include="signal\util\text.c">
      <Filter>ソース ファイル</Filter>
    </ClCompile>
    <ClCompile Include="signal\main.c">
      <Filter>ソース ファイル</Filter>
    </ClCompile>
    <ClCompile Include="signal\parse\lex.yy.c">
      <Filter>ソース ファイル</Filter>
    </ClCompile>
    <ClCompile Include="signal\parse\signal.tab.c">
      <Filter>ソース ファイル</Filter>
    </ClCompile>
    <ClCompile Include="signal\util\io.c">
      <Filter>ソース ファイル</Filter>
    </ClCompile>
    <ClCompile Include="signal\util\list.c">
      <Filter>ソース ファイル</Filter>
    </ClCompile>
    <ClCompile Include="signal\util\stack.c">
      <Filter>ソース ファイル</Filter>
    </ClCompile>
    <ClCompile Include="signal\test.c">
      <Filter>ソース ファイル</Filter>
    </ClCompile>
    <ClCompile Include="signal\ast\ast.c">
      <Filter>ソース ファイル</Filter>
    </ClCompile>
    <ClCompile Include="signal\parse\parser.c">
      <Filter>ソース ファイル</Filter>
    </ClCompile>
    <ClCompile Include="signal\ast\ast_new_operator.c">
      <Filter>ソース ファイル</Filter>
    </ClCompile>
    <ClCompile Include="signal\ast\ast_new_stmt.c">
      <Filter>ソース ファイル</Filter>
    </ClCompile>
    <ClCompile Include="signal\ast\ast_new_literal.c">
      <Filter>ソース ファイル</Filter>
    </ClCompile>
    <ClCompile Include="signal\ast\ast_new_decl.c">
      <Filter>ソース ファイル</Filter>
    </ClCompile>
    <ClCompile Include="signal\util\tree_map.c">
      <Filter>ソース ファイル</Filter>
    </ClCompile>
    <ClCompile Include="signal\env\namespace.c">
      <Filter>ソース ファイル</Filter>
    </ClCompile>
    <ClCompile Include="signal\util\file_path.c">
      <Filter>ソース ファイル</Filter>
    </ClCompile>
  </ItemGroup>
  <ItemGroup>
    <ClInclude Include="signal\util\cmd.h">
      <Filter>ヘッダー ファイル</Filter>
    </ClInclude>
    <ClInclude Include="signal\util\io.h">
      <Filter>ヘッダー ファイル</Filter>
    </ClInclude>
    <ClInclude Include="signal\util\text.h">
      <Filter>ヘッダー ファイル</Filter>
    </ClInclude>
    <ClInclude Include="signal\parse\signal.tab.h">
      <Filter>ヘッダー ファイル</Filter>
    </ClInclude>
    <ClInclude Include="signal\util\stack.h">
      <Filter>ヘッダー ファイル</Filter>
    </ClInclude>
    <ClInclude Include="signal\util\list.h">
      <Filter>ヘッダー ファイル</Filter>
    </ClInclude>
    <ClInclude Include="signal\test.h">
      <Filter>ヘッダー ファイル</Filter>
    </ClInclude>
    <ClInclude Include="signal\ast\ast.h">
      <Filter>ヘッダー ファイル</Filter>
    </ClInclude>
    <ClInclude Include="signal\parse\parser.h">
      <Filter>ヘッダー ファイル</Filter>
    </ClInclude>
    <ClInclude Include="signal\parse\yacc_input_type.h">
      <Filter>ヘッダー ファイル</Filter>
    </ClInclude>
    <ClInclude Include="signal\ast\ast_new_operator.h">
      <Filter>ヘッダー ファイル</Filter>
    </ClInclude>
    <ClInclude Include="signal\ast\ast_new_stmt.h">
      <Filter>ヘッダー ファイル</Filter>
    </ClInclude>
    <ClInclude Include="signal\ast\ast_new_literal.h">
      <Filter>ヘッダー ファイル</Filter>
    </ClInclude>
    <ClInclude Include="signal\ast\constructor_chain_type.h">
      <Filter>ヘッダー ファイル</Filter>
    </ClInclude>
    <ClInclude Include="signal\ast\assign_operator_type.h">
      <Filter>ヘッダー ファイル</Filter>
    </ClInclude>
    <ClInclude Include="signal\ast\ast_new_decl.h">
      <Filter>ヘッダー ファイル</Filter>
    </ClInclude>
    <ClInclude Include="signal\ast\modifier_type.h">
      <Filter>ヘッダー ファイル</Filter>
    </ClInclude>
    <ClInclude Include="signal\util\tree_map.h">
      <Filter>ヘッダー ファイル</Filter>
    </ClInclude>
    <ClInclude Include="signal\env\namespace.h">
      <Filter>ヘッダー ファイル</Filter>
    </ClInclude>
    <ClInclude Include="signal\env\class.h">
      <Filter>ヘッダー ファイル</Filter>
    </ClInclude>
    <ClInclude Include="signal\env\class_type.h">
      <Filter>ヘッダー ファイル</Filter>
    </ClInclude>
    <ClInclude Include="signal\util\file_path.h">
      <Filter>ヘッダー ファイル</Filter>
    </ClInclude>
  </ItemGroup>
  <ItemGroup>
    <None Include="signal\parse\flex_compile.bat">
      <Filter>ソース ファイル</Filter>
    </None>
    <None Include="signal\parse\signal.l" />
    <None Include="signal\parse\signal.y" />
  </ItemGroup>
</Project>